Microsoft Visual Studio Solution File, Format Version 12.00
# Visual Studio Version 17
VisualStudioVersion = 17.0.31903.59
MinimumVisualStudioVersion = 10.0.40219.1
Project("{8BC9CEB8-8B4A-11D0-8D11-00A0C91BC942}") = "LadoFlowIdd", "driver\LadoFlowIdd.vcxproj", "{F94FE001-2137-4FD4-9A7E-0400C34EAE2B}"
EndProject
Project("{8BC9CEB8-8B4A-11D0-8D11-00A0C91BC942}") = "LadoFlowVirtualDisplay", "controller\LadoFlowVirtualDisplay.vcxproj", "{C22F5141-7F6E-454E-B823-2F4B92A7177B}"
EndProject
Project("{8BC9CEB8-8B4A-11D0-8D11-00A0C91BC942}") = "LadoFlowDisplayService", "service\LadoFlowDisplayService.vcxproj", "{A5D0C31B-9AA8-4B37-B84E-1D8692231911}"
EndProject
Global
	GlobalSection(SolutionConfigurationPlatforms) = preSolution
		Debug|x64 = Debug|x64
		Release|x64 = Release|x64
	EndGlobalSection
	GlobalSection(ProjectConfigurationPlatforms) = postSolution
		{F94FE001-2137-4FD4-9A7E-0400C34EAE2B}.Debug|x64.ActiveCfg = Debug|x64
		{F94FE001-2137-4FD4-9A7E-0400C34EAE2B}.Debug|x64.Build.0 = Debug|x64
		{F94FE001-2137-4FD4-9A7E-0400C34EAE2B}.Release|x64.ActiveCfg = Release|x64
		{F94FE001-2137-4FD4-9A7E-0400C34EAE2B}.Release|x64.Build.0 = Release|x64
		{C22F5141-7F6E-454E-B823-2F4B92A7177B}.Debug|x64.ActiveCfg = Debug|x64
		{C22F5141-7F6E-454E-B823-2F4B92A7177B}.Debug|x64.Build.0 = Debug|x64
		{C22F5141-7F6E-454E-B823-2F4B92A7177B}.Release|x64.ActiveCfg = Release|x64
		{C22F5141-7F6E-454E-B823-2F4B92A7177B}.Release|x64.Build.0 = Release|x64
		{A5D0C31B-9AA8-4B37-B84E-1D8692231911}.Debug|x64.ActiveCfg = Debug|x64
		{A5D0C31B-9AA8-4B37-B84E-1D8692231911}.Debug|x64.Build.0 = Debug|x64
		{A5D0C31B-9AA8-4B37-B84E-1D8692231911}.Release|x64.ActiveCfg = Release|x64
		{A5D0C31B-9AA8-4B37-B84E-1D8692231911}.Release|x64.Build.0 = Release|x64
	EndGlobalSection
	GlobalSection(SolutionProperties) = preSolution
		HideSolutionNode = FALSE
	EndGlobalSection
	GlobalSection(ExtensibilityGlobals) = postSolution
		SolutionGuid = {AE87E9BC-8F33-4315-9933-B8D0DEF39EC2}
	EndGlobalSection
EndGlobal
